
Microsoft Visual Studio Solution File, Format Version 12.00
# Visual Studio Version 17
VisualStudioVersion = 17.9.34728.123
MinimumVisualStudioVersion = 10.0.40219.1
Project("{FAE04EC0-301F-11D3-BF4B-00C04F79EFBC}") = "OnlineAptitude", "OnlineAptitude.csproj", "{DCBCDEC0-84E3-4751-9038-D24D7AA24559}"
EndProject
Global
	GlobalSection(SolutionConfigurationPlatforms) = preSolution
		Debug|Any CPU = Debug|Any CPU
		Release|Any CPU = Release|Any CPU
	EndGlobalSection
	GlobalSection(ProjectConfigurationPlatforms) = postSolution
		{DCBCDEC0-84E3-4751-9038-D24D7AA24559}.Debug|Any CPU.ActiveCfg = Debug|Any CPU
		{DCBCDEC0-84E3-4751-9038-D24D7AA24559}.Debug|Any CPU.Build.0 = Debug|Any CPU
		{DCBCDEC0-84E3-4751-9038-D24D7AA24559}.Release|Any CPU.ActiveCfg = Release|Any CPU
		{DCBCDEC0-84E3-4751-9038-D24D7AA24559}.Release|Any CPU.Build.0 = Release|Any CPU
	EndGlobalSection
	GlobalSection(SolutionProperties) = preSolution
		HideSolutionNode = FALSE
	EndGlobalSection
	GlobalSection(ExtensibilityGlobals) = postSolution
		SolutionGuid = {64671FAC-5E1A-432C-A3EA-C9D2A38B7D3F}
	EndGlobalSection
EndGlobal
